<?xml version="1.0" encoding="utf-8"?>
<Project ToolsVersion="4.0" xmlns="http://schemas.microsoft.com/developer/msbuild/2003">
  <ItemGroup>
    <Filter Include="Source Files">
      <UniqueIdentifier>{4FC737F1-C7A5-4376-A066-2A32D752A2FF}</UniqueIdentifier>
      <Extensions>qml;cpp;c;cc;cxx;def;odl;idl;hpj;bat;asm;asmx</Extensions>
    </Filter>
    <Filter Include="Header Files">
      <UniqueIdentifier>{93995380-89BD-4b04-88EB-625FBE52EBFB}</UniqueIdentifier>
      <Extensions>h;hh;hpp;hxx;hm;inl;inc;xsd</Extensions>
    </Filter>
    <Filter Include="Resource Files">
      <UniqueIdentifier>{67DA6AB6-F800-4c08-8B7A-83BB121AAD01}</UniqueIdentifier>
      <Extensions>qrc;rc;ico;cur;bmp;dlg;rc2;rct;bin;rgs;gif;jpg;jpeg;jpe;resx;tiff;tif;png;wav;mfcribbon-ms</Extensions>
    </Filter>
    <Filter Include="Form Files">
      <UniqueIdentifier>{99349809-55BA-4b9d-BF79-8FDBB0286EB3}</UniqueIdentifier>
      <Extensions>ui</Extensions>
    </Filter>
    <Filter Include="Translation Files">
      <UniqueIdentifier>{639EADAA-A684-42e4-A9AD-28FC9BCB8F7C}</UniqueIdentifier>
      <Extensions>ts</Extensions>
    </Filter>
    <Filter Include="Header Files\Dxf">
      <UniqueIdentifier>{d7f73fa0-ac41-4d62-bbac-940fc00206d3}</UniqueIdentifier>
    </Filter>
    <Filter Include="Header Files\Common">
      <UniqueIdentifier>{39053a6e-2d8a-4734-b899-23c0f8a119bb}</UniqueIdentifier>
    </Filter>
    <Filter Include="Header Files\WeightView">
      <UniqueIdentifier>{8ed44daa-96d3-415f-908d-8e1346ae4f59}</UniqueIdentifier>
    </Filter>
    <Filter Include="Source Files\Dxf">
      <UniqueIdentifier>{45d6405f-2bb1-4396-9614-1377c212bf1b}</UniqueIdentifier>
    </Filter>
    <Filter Include="Source Files\Common">
      <UniqueIdentifier>{18e25ea0-807b-441d-85b7-4a57ed9478f8}</UniqueIdentifier>
    </Filter>
    <Filter Include="Source Files\WeightView">
      <UniqueIdentifier>{945372ab-f294-404f-9005-8fd91583feb0}</UniqueIdentifier>
    </Filter>
    <Filter Include="EntitiesLib">
      <UniqueIdentifier>{725a9d6d-f176-4d0e-8f65-0e69c5eda564}</UniqueIdentifier>
    </Filter>
  </ItemGroup>
  <ItemGroup>
    <QtRcc Include="ShrikeDxf.qrc">
      <Filter>Resource Files</Filter>
    </QtRcc>
    <QtUic Include="ShrikeDxf.ui">
      <Filter>Form Files</Filter>
    </QtUic>
  </ItemGroup>
  <ItemGroup>
    <ClInclude Include="Primitive.h">
      <Filter>Header Files\Dxf</Filter>
    </ClInclude>
    <ClInclude Include="CommonDataManager.h">
      <Filter>Header Files\Common</Filter>
    </ClInclude>
    <ClInclude Include="TopMenu.h">
      <Filter>Header Files\WeightView</Filter>
    </ClInclude>
    <ClInclude Include="StyleSheet.h">
      <Filter>Header Files\WeightView</Filter>
    </ClInclude>
    <ClInclude Include="DxfStruct.h">
      <Filter>Header Files\Dxf</Filter>
    </ClInclude>
    <ClInclude Include="DxfLayerTableviewModel.h">
      <Filter>Header Files\Dxf</Filter>
    </ClInclude>
    <ClInclude Include="DxfData.h">
      <Filter>Header Files\Dxf</Filter>
    </ClInclude>
    <ClInclude Include="DxfReader.h">
      <Filter>Header Files\Dxf</Filter>
    </ClInclude>
    <ClInclude Include="Entity.h">
      <Filter>Header Files\Dxf</Filter>
    </ClInclude>
    <ClInclude Include="..\EntitiesLib\EntityBase.h">
      <Filter>EntitiesLib</Filter>
    </ClInclude>
    <ClInclude Include="..\EntitiesLib\Point.h">
      <Filter>EntitiesLib</Filter>
    </ClInclude>
    <ClInclude Include="..\EntitiesLib\Line.h">
      <Filter>EntitiesLib</Filter>
    </ClInclude>
    <ClInclude Include="..\EntitiesLib\Circle.h">
      <Filter>EntitiesLib</Filter>
    </ClInclude>
    <ClInclude Include="..\EntitiesLib\Arc.h">
      <Filter>EntitiesLib</Filter>
    </ClInclude>
    <ClInclude Include="..\EntitiesLib\Ellipse.h">
      <Filter>EntitiesLib</Filter>
    </ClInclude>
    <ClInclude Include="..\EntitiesLib\LWPolyline.h">
      <Filter>EntitiesLib</Filter>
    </ClInclude>
    <ClInclude Include="..\EntitiesLib\Polyline.h">
      <Filter>EntitiesLib</Filter>
    </ClInclude>
    <ClInclude Include="..\EntitiesLib\Spline.h">
      <Filter>EntitiesLib</Filter>
    </ClInclude>
    <ClInclude Include="..\EntitiesLib\Text.h">
      <Filter>EntitiesLib</Filter>
    </ClInclude>
    <ClInclude Include="..\EntitiesLib\MText.h">
      <Filter>EntitiesLib</Filter>
    </ClInclude>
    <ClInclude Include="..\EntitiesLib\Insert.h">
      <Filter>EntitiesLib</Filter>
    </ClInclude>
    <ClInclude Include="..\EntitiesLib\Soild.h">
      <Filter>EntitiesLib</Filter>
    </ClInclude>
    <ClInclude Include="..\EntitiesLib\Hatch.h">
      <Filter>EntitiesLib</Filter>
    </ClInclude>
    <ClInclude Include="..\EntitiesLib\Entity.h">
      <Filter>EntitiesLib</Filter>
    </ClInclude>
    <ClInclude Include="DxfWriter.h">
      <Filter>Header Files\Dxf</Filter>
    </ClInclude>
    <ClInclude Include="Tools.h">
      <Filter>Header Files\Dxf</Filter>
    </ClInclude>
  </ItemGroup>
  <ItemGroup>
    <QtMoc Include="ShrikeDxf.h">
      <Filter>Header Files\Common</Filter>
    </QtMoc>
    <QtMoc Include="DxfManager.h">
      <Filter>Header Files\Dxf</Filter>
    </QtMoc>
    <QtMoc Include="DxfTreeView.h">
      <Filter>Header Files\WeightView</Filter>
    </QtMoc>
    <QtMoc Include="DxfTreeviewModel.h">
      <Filter>Header Files\Dxf</Filter>
    </QtMoc>
    <QtMoc Include="DxfGraphicsScene.h">
      <Filter>Header Files\Dxf</Filter>
    </QtMoc>
    <QtMoc Include="GraphicsView.h">
      <Filter>Header Files\WeightView</Filter>
    </QtMoc>
    <QtMoc Include="LayerTableView.h">
      <Filter>Header Files\WeightView</Filter>
    </QtMoc>
    <QtMoc Include="StackedWidget.h">
      <Filter>Header Files\WeightView</Filter>
    </QtMoc>
    <QtMoc Include="LineAttribute.h">
      <Filter>Header Files\WeightView</Filter>
    </QtMoc>
    <QtMoc Include="PointAttribute.h">
      <Filter>Header Files\WeightView</Filter>
    </QtMoc>
    <QtMoc Include="CircleAttributeWidget.h">
      <Filter>Header Files\WeightView</Filter>
    </QtMoc>
    <QtMoc Include="ArcAttritubeWidget.h">
      <Filter>Header Files\WeightView</Filter>
    </QtMoc>
    <QtMoc Include="LWPolylineAttributeWidget.h">
      <Filter>Header Files\WeightView</Filter>
    </QtMoc>
    <QtMoc Include="MoveBtnsWidget.h">
      <Filter>Header Files\WeightView</Filter>
    </QtMoc>
    <QtMoc Include="Ruler.h">
      <Filter>Header Files\WeightView</Filter>
    </QtMoc>
    <QtMoc Include="CreateEntityWidget.h">
      <Filter>Header Files\WeightView</Filter>
    </QtMoc>
    <QtMoc Include="EllipseAttritube.h">
      <Filter>Header Files\WeightView</Filter>
    </QtMoc>
    <QtMoc Include="TextAttritubeWidget.h">
      <Filter>Header Files\WeightView</Filter>
    </QtMoc>
    <QtMoc Include="SplineAttributeWidget.h">
      <Filter>Header Files\WeightView</Filter>
    </QtMoc>
    <QtMoc Include="HatchAttributeWidget.h">
      <Filter>Header Files\WeightView</Filter>
    </QtMoc>
    <QtMoc Include="DxfEditor.h">
      <Filter>Header Files\Dxf</Filter>
    </QtMoc>
    <QtMoc Include="PolylineAttritubeWidget.h">
      <Filter>Header Files\WeightView</Filter>
    </QtMoc>
    <QtMoc Include="MTextAttritubeWidget.h">
      <Filter>Header Files\WeightView</Filter>
    </QtMoc>
    <QtMoc Include="DxfTools.h">
      <Filter>Header Files\Dxf</Filter>
    </QtMoc>
  </ItemGroup>
  <ItemGroup>
    <ClCompile Include="DxfManager.cpp">
      <Filter>Source Files\Dxf</Filter>
    </ClCompile>
    <ClCompile Include="CommonDataManager.cpp">
      <Filter>Source Files\Common</Filter>
    </ClCompile>
    <ClCompile Include="ShrikeDxf.cpp">
      <Filter>Source Files\Common</Filter>
    </ClCompile>
    <ClCompile Include="TopMenu.cpp">
      <Filter>Source Files\WeightView</Filter>
    </ClCompile>
    <ClCompile Include="StyleSheet.cpp">
      <Filter>Source Files\WeightView</Filter>
    </ClCompile>
    <ClCompile Include="main.cpp">
      <Filter>Source Files\Common</Filter>
    </ClCompile>
    <ClCompile Include="DxfStruct.cpp">
      <Filter>Source Files\Dxf</Filter>
    </ClCompile>
    <ClCompile Include="DxfTreeView.cpp">
      <Filter>Source Files\WeightView</Filter>
    </ClCompile>
    <ClCompile Include="DxfTreeviewModel.cpp">
      <Filter>Source Files\Dxf</Filter>
    </ClCompile>
    <ClCompile Include="GraphicsView.cpp">
      <Filter>Source Files\WeightView</Filter>
    </ClCompile>
    <ClCompile Include="DxfGraphicsScene.cpp">
      <Filter>Source Files\Dxf</Filter>
    </ClCompile>
    <ClCompile Include="StackedWidget.cpp">
      <Filter>Source Files\WeightView</Filter>
    </ClCompile>
    <ClCompile Include="LayerTableView.cpp">
      <Filter>Source Files\WeightView</Filter>
    </ClCompile>
    <ClCompile Include="DxfLayerTableviewModel.cpp">
      <Filter>Source Files\Dxf</Filter>
    </ClCompile>
    <ClCompile Include="LineAttribute.cpp">
      <Filter>Source Files\WeightView</Filter>
    </ClCompile>
    <ClCompile Include="PointAttribute.cpp">
      <Filter>Source Files\WeightView</Filter>
    </ClCompile>
    <ClCompile Include="CircleAttributeWidget.cpp">
      <Filter>Source Files\WeightView</Filter>
    </ClCompile>
    <ClCompile Include="ArcAttritubeWidget.cpp">
      <Filter>Source Files\WeightView</Filter>
    </ClCompile>
    <ClCompile Include="LWPolylineAttributeWidget.cpp">
      <Filter>Source Files\WeightView</Filter>
    </ClCompile>
    <ClCompile Include="MoveBtnsWidget.cpp">
      <Filter>Source Files\WeightView</Filter>
    </ClCompile>
    <ClCompile Include="Ruler.cpp">
      <Filter>Source Files\WeightView</Filter>
    </ClCompile>
    <ClCompile Include="CreateEntityWidget.cpp">
      <Filter>Source Files\WeightView</Filter>
    </ClCompile>
    <ClCompile Include="DxfData.cpp">
      <Filter>Source Files\Dxf</Filter>
    </ClCompile>
    <ClCompile Include="DxfEditor.cpp">
      <Filter>Source Files\Dxf</Filter>
    </ClCompile>
    <ClCompile Include="DxfReader.cpp">
      <Filter>Source Files\Dxf</Filter>
    </ClCompile>
    <ClCompile Include="EllipseAttritube.cpp">
      <Filter>Source Files\WeightView</Filter>
    </ClCompile>
    <ClCompile Include="TextAttritubeWidget.cpp">
      <Filter>Source Files\WeightView</Filter>
    </ClCompile>
    <ClCompile Include="MTextAttritubeWidget.cpp">
      <Filter>Source Files\WeightView</Filter>
    </ClCompile>
    <ClCompile Include="PolylineAttritubeWidget.cpp">
      <Filter>Source Files\WeightView</Filter>
    </ClCompile>
    <ClCompile Include="SplineAttributeWidget.cpp">
      <Filter>Source Files\WeightView</Filter>
    </ClCompile>
    <ClCompile Include="HatchAttributeWidget.cpp">
      <Filter>Source Files\WeightView</Filter>
    </ClCompile>
    <ClCompile Include="DxfWriter.cpp">
      <Filter>Source Files\Dxf</Filter>
    </ClCompile>
    <ClCompile Include="DxfTools.cpp">
      <Filter>Source Files\Dxf</Filter>
    </ClCompile>
  </ItemGroup>
  <ItemGroup>
    <QtUic Include="PointAttribute.ui">
      <Filter>Form Files</Filter>
    </QtUic>
    <QtUic Include="LineAttribute.ui">
      <Filter>Form Files</Filter>
    </QtUic>
    <QtUic Include="CircleAttributeWidget.ui">
      <Filter>Form Files</Filter>
    </QtUic>
    <QtUic Include="ArcAttritubeWidget.ui">
      <Filter>Form Files</Filter>
    </QtUic>
    <QtUic Include="LWPolylineAttributeWidget.ui">
      <Filter>Form Files</Filter>
    </QtUic>
    <QtUic Include="MoveBtnsWidget.ui">
      <Filter>Form Files</Filter>
    </QtUic>
    <QtUic Include="CreateEntityWidget.ui">
      <Filter>Form Files</Filter>
    </QtUic>
    <QtUic Include="EllipseAttritubeWidget.ui">
      <Filter>Form Files</Filter>
    </QtUic>
    <QtUic Include="TextAttritubeWidget.ui">
      <Filter>Form Files</Filter>
    </QtUic>
    <QtUic Include="MTextAttritubeWidget.ui">
      <Filter>Form Files</Filter>
    </QtUic>
    <QtUic Include="PloylineAttributeWidget.ui">
      <Filter>Form Files</Filter>
    </QtUic>
    <QtUic Include="SplineAttributeWidget.ui">
      <Filter>Form Files</Filter>
    </QtUic>
    <QtUic Include="HatchAttributeWidget.ui">
      <Filter>Form Files</Filter>
    </QtUic>
  </ItemGroup>
</Project>